{
  "lockfile_version": "1",
  "packages": {
    "git-ps-rs@latest": {
      "last_modified": "2026-04-23T13:07:47Z",
      "resolved": "github:NixOS/nixpkgs/01fbdeef22b76df85ea168fbfe1bfd9e63681b30#git-ps-rs",
      "source": "devbox-search",
      "version": "7.3.1",
      "systems": {
        "aarch64-darwin": {
          "outputs": [
            {
              "name": "out",
              "path": "/nix/store/fwnq624mjlk4aaapn0izzp8y6n269x5d-git-ps-rs-7.3.1",
              "default": true
            }
          ],
          "store_path": "/nix/store/fwnq624mjlk4aaapn0izzp8y6n269x5d-git-ps-rs-7.3.1"
        },
        "aarch64-linux": {
          "outputs": [
            {
              "name": "out",
              "path": "/nix/store/ibmark8prny0n1jw1cypwq34isp5cvhl-git-ps-rs-7.3.1",
              "default": true
            }
          ],
          "store_path": "/nix/store/ibmark8prny0n1jw1cypwq34isp5cvhl-git-ps-rs-7.3.1"
        },
        "x86_64-darwin": {
          "outputs": [
            {
              "name": "out",
              "path": "/nix/store/i0i03hd0ihgyliisdx41aw5yjy7mf1na-git-ps-rs-7.3.1",
              "default": true
            }
          ],
          "store_path": "/nix/store/i0i03hd0ihgyliisdx41aw5yjy7mf1na-git-ps-rs-7.3.1"
        },
        "x86_64-linux": {
          "outputs": [
            {
              "name": "out",
              "path": "/nix/store/3p9604wrx1gk208iag3zhvs06czzsw5g-git-ps-rs-7.3.1",
              "default": true
            }
          ],
          "store_path": "/nix/store/3p9604wrx1gk208iag3zhvs06czzsw5g-git-ps-rs-7.3.1"
        }
      }
    },
    "github:NixOS/nixpkgs/nixpkgs-unstable": {
      "last_modified": "2026-04-02T10:35:47Z",
      "resolved": "github:NixOS/nixpkgs/8d8c1fa5b412c223ffa47410867813290cdedfef?lastModified=1775126147&narHash=sha256-J0dZU4atgcfo4QvM9D92uQ0Oe1eLTxBVXjJzdEMQpD0%3D"
    },
    "go@latest": {
      "last_modified": "2026-04-23T13:07:47Z",
      "resolved": "github:NixOS/nixpkgs/01fbdeef22b76df85ea168fbfe1bfd9e63681b30#go",
      "source": "devbox-search",
      "version": "1.26.2",
      "systems": {
        "aarch64-darwin": {
          "outputs": [
            {
              "name": "out",
              "path": "/nix/store/fkzywh7rg8lg1n2p0r161iqjwhz540wx-go-1.26.2",
              "default": true
            }
          ],
          "store_path": "/nix/store/fkzywh7rg8lg1n2p0r161iqjwhz540wx-go-1.26.2"
        },
        "aarch64-linux": {
          "outputs": [
            {
              "name": "out",
              "path": "/nix/store/w4i7p78y3735jcy69sk4lcy9zyxr0cav-go-1.26.2",
              "default": true
            }
          ],
          "store_path": "/nix/store/w4i7p78y3735jcy69sk4lcy9zyxr0cav-go-1.26.2"
        },
        "x86_64-darwin": {
          "outputs": [
            {
              "name": "out",
              "path": "/nix/store/g0b45l45nlb1kqiywzja7fh49yn7lla5-go-1.26.2",
              "default": true
            }
          ],
          "store_path": "/nix/store/g0b45l45nlb1kqiywzja7fh49yn7lla5-go-1.26.2"
        },
        "x86_64-linux": {
          "outputs": [
            {
              "name": "out",
              "path": "/nix/store/dimnagks1qsp7180yw74z0npp7z2ihs3-go-1.26.2",
              "default": true
            }
          ],
          "store_path": "/nix/store/dimnagks1qsp7180yw74z0npp7z2ihs3-go-1.26.2"
        }
      }
    }
  }
}
